
Microsoft Visual Studio Solution File, Format Version 12.00
Project("{FAE04EC0-301F-11D3-BF4B-00C04F79EFBC}") = "ConsoleApp3", "ConsoleApp3\ConsoleApp3.csproj", "{B0E38BBF-8BB8-4C5C-83B4-DCFE6799A3FE}"
EndProject
Global
	GlobalSection(SolutionConfigurationPlatforms) = preSolution
		Debug|Any CPU = Debug|Any CPU
		Release|Any CPU = Release|Any CPU
	EndGlobalSection
	GlobalSection(ProjectConfigurationPlatforms) = postSolution
		{B0E38BBF-8BB8-4C5C-83B4-DCFE6799A3FE}.Debug|Any CPU.ActiveCfg = Debug|Any CPU
		{B0E38BBF-8BB8-4C5C-83B4-DCFE6799A3FE}.Debug|Any CPU.Build.0 = Debug|Any CPU
		{B0E38BBF-8BB8-4C5C-83B4-DCFE6799A3FE}.Release|Any CPU.ActiveCfg = Release|Any CPU
		{B0E38BBF-8BB8-4C5C-83B4-DCFE6799A3FE}.Release|Any CPU.Build.0 = Release|Any CPU
	EndGlobalSection
EndGlobal
